// !$*UTF8*$!
{
	archiveVersion = 1;
	classes = {
	};
	objectVersion = 77;
	objects = {

/* Begin PBXBuildFile section */
		F5FB212F2EEB4D9000DC1D6E /* jakespurlock.Celluloid.CelluloidCameraExtension.systemextension in Embed Foundation Extensions */ = {isa = PBXBuildFile; fileRef = F5FB21252EEB4D9000DC1D6E /* jakespurlock.Celluloid.CelluloidCameraExtension.systemextension */; settings = {ATTRIBUTES = (RemoveHeadersOnCopy, ); }; };
/* End PBXBuildFile section */

/* Begin PBXContainerItemProxy section */
		F5FB20BC2EEB46DB00DC1D6E /* PBXContainerItemProxy */ = {
			isa = PBXContainerItemProxy;
			containerPortal = F5FB20A42EEB46D800DC1D6E /* Project object */;
			proxyType = 1;
			remoteGlobalIDString = F5FB20AB2EEB46D800DC1D6E;
			remoteInfo = Celluloid;
		};
		F5FB20C62EEB46DB00DC1D6E /* PBXContainerItemProxy */ = {
			isa = PBXContainerItemProxy;
			containerPortal = F5FB20A42EEB46D800DC1D6E /* Project object */;
			proxyType = 1;
			remoteGlobalIDString = F5FB20AB2EEB46D800DC1D6E;
			remoteInfo = Celluloid;
		};
		F5FB212D2EEB4D9000DC1D6E /* PBXContainerItemProxy */ = {
			isa = PBXContainerItemProxy;
			containerPortal = F5FB20A42EEB46D800DC1D6E /* Project object */;
			proxyType = 1;
			remoteGlobalIDString = F5FB21242EEB4D9000DC1D6E;
			remoteInfo = CelluloidCameraExtension;
		};
/* End PBXContainerItemProxy section */

/* Begin PBXCopyFilesBuildPhase section */
		F5FB21302EEB4D9000DC1D6E /* Embed Foundation Extensions */ = {
			isa = PBXCopyFilesBuildPhase;
			buildActionMask = 2147483647;
			dstPath = Contents/Library/SystemExtensions;
			dstSubfolderSpec = 1;
			files = (
				F5FB212F2EEB4D9000DC1D6E /* jakespurlock.Celluloid.CelluloidCameraExtension.systemextension in Embed Foundation Extensions */,
			);
			name = "Embed Foundation Extensions";
			runOnlyForDeploymentPostprocessing = 0;
		};
/* End PBXCopyFilesBuildPhase section */

/* Begin PBXFileReference section */
		F5FB20AC2EEB46D800DC1D6E /* Celluloid.app */ = {isa = PBXFileReference; explicitFileType = wrapper.application; includeInIndex = 0; path = Celluloid.app; sourceTree = BUILT_PRODUCTS_DIR; };
		F5FB20BB2EEB46DB00DC1D6E /* CelluloidTests.xctest */ = {isa = PBXFileReference; explicitFileType = wrapper.cfbundle; includeInIndex = 0; path = CelluloidTests.xctest; sourceTree = BUILT_PRODUCTS_DIR; };
		F5FB20C52EEB46DB00DC1D6E /* CelluloidUITests.xctest */ = {isa = PBXFileReference; explicitFileType = wrapper.cfbundle; includeInIndex = 0; path = CelluloidUITests.xctest; sourceTree = BUILT_PRODUCTS_DIR; };
		F5FB21252EEB4D9000DC1D6E /* jakespurlock.Celluloid.CelluloidCameraExtension.systemextension */ = {isa = PBXFileReference; explicitFileType = "wrapper.system-extension"; includeInIndex = 0; path = jakespurlock.Celluloid.CelluloidCameraExtension.systemextension; sourceTree = BUILT_PRODUCTS_DIR; };
/* End PBXFileReference section */

/* Begin PBXFileSystemSynchronizedRootGroup section */
		F5FB20AE2EEB46D800DC1D6E /* Celluloid */ = {
			isa = PBXFileSystemSynchronizedRootGroup;
			path = Celluloid;
			sourceTree = "<group>";
		};
		F5FB20BE2EEB46DB00DC1D6E /* CelluloidTests */ = {
			isa = PBXFileSystemSynchronizedRootGroup;
			path = CelluloidTests;
			sourceTree = "<group>";
		};
		F5FB20C82EEB46DB00DC1D6E /* CelluloidUITests */ = {
			isa = PBXFileSystemSynchronizedRootGroup;
			path = CelluloidUITests;
			sourceTree = "<group>";
		};
		F5FB21262EEB4D9000DC1D6E /* CelluloidCameraExtension */ = {
			isa = PBXFileSystemSynchronizedRootGroup;
			path = CelluloidCameraExtension;
			sourceTree = "<group>";
		};
/* End PBXFileSystemSynchronizedRootGroup section */

/* Begin PBXFrameworksBuildPhase section */
		F5FB20A92EEB46D800DC1D6E /* Frameworks */ = {
			isa = PBXFrameworksBuildPhase;
			buildActionMask = 2147483647;
			files = (
			);
			runOnlyForDeploymentPostprocessing = 0;
		};
		F5FB20B82EEB46DB00DC1D6E /* Frameworks */ = {
			isa = PBXFrameworksBuildPhase;
			buildActionMask = 2147483647;
			files = (
			);
			runOnlyForDeploymentPostprocessing = 0;
		};
		F5FB20C22EEB46DB00DC1D6E /* Frameworks */ = {
			isa = PBXFrameworksBuildPhase;
			buildActionMask = 2147483647;
			files = (
			);
			runOnlyForDeploymentPostprocessing = 0;
		};
		F5FB21222EEB4D9000DC1D6E /* Frameworks */ = {
			isa = PBXFrameworksBuildPhase;
			buildActionMask = 2147483647;
			files = (
			);
			runOnlyForDeploymentPostprocessing = 0;
		};
/* End PBXFrameworksBuildPhase section */

/* Begin PBXGroup section */
		F5FB20A32EEB46D800DC1D6E = {
			isa = PBXGroup;
			children = (
				F5FB20AE2EEB46D800DC1D6E /* Celluloid */,
				F5FB20BE2EEB46DB00DC1D6E /* CelluloidTests */,
				F5FB20C82EEB46DB00DC1D6E /* CelluloidUITests */,
				F5FB21262EEB4D9000DC1D6E /* CelluloidCameraExtension */,
				F5FB20AD2EEB46D800DC1D6E /* Products */,
			);
			sourceTree = "<group>";
		};
		F5FB20AD2EEB46D800DC1D6E /* Products */ = {
			isa = PBXGroup;
			children = (
				F5FB20AC2EEB46D800DC1D6E /* Celluloid.app */,
				F5FB20BB2EEB46DB00DC1D6E /* CelluloidTests.xctest */,
				F5FB20C52EEB46DB00DC1D6E /* CelluloidUITests.xctest */,
				F5FB21252EEB4D9000DC1D6E /* jakespurlock.Celluloid.CelluloidCameraExtension.systemextension */,
			);
			name = Products;
			sourceTree = "<group>";
		};
/* End PBXGroup section */

/* Begin PBXNativeTarget section */
		F5FB20AB2EEB46D800DC1D6E /* Celluloid */ = {
			isa = PBXNativeTarget;
			buildConfigurationList = F5FB20CF2EEB46DB00DC1D6E /* Build configuration list for PBXNativeTarget "Celluloid" */;
			buildPhases = (
				F5FB20A82EEB46D800DC1D6E /* Sources */,
				F5FB20A92EEB46D800DC1D6E /* Frameworks */,
				F5FB20AA2EEB46D800DC1D6E /* Resources */,
				F5FB21302EEB4D9000DC1D6E /* Embed Foundation Extensions */,
			);
			buildRules = (
			);
			dependencies = (
				F5FB212E2EEB4D9000DC1D6E /* PBXTargetDependency */,
			);
			fileSystemSynchronizedGroups = (
				F5FB20AE2EEB46D800DC1D6E /* Celluloid */,
			);
			name = Celluloid;
			packageProductDependencies = (
			);
			productName = Celluloid;
			productReference = F5FB20AC2EEB46D800DC1D6E /* Celluloid.app */;
			productType = "com.apple.product-type.application";
		};
		F5FB20BA2EEB46DB00DC1D6E /* CelluloidTests */ = {
			isa = PBXNativeTarget;
			buildConfigurationList = F5FB20D22EEB46DB00DC1D6E /* Build configuration list for PBXNativeTarget "CelluloidTests" */;
			buildPhases = (
				F5FB20B72EEB46DB00DC1D6E /* Sources */,
				F5FB20B82EEB46DB00DC1D6E /* Frameworks */,
				F5FB20B92EEB46DB00DC1D6E /* Resources */,
			);
			buildRules = (
			);
			dependencies = (
				F5FB20BD2EEB46DB00DC1D6E /* PBXTargetDependency */,
			);
			fileSystemSynchronizedGroups = (
				F5FB20BE2EEB46DB00DC1D6E /* CelluloidTests */,
			);
			name = CelluloidTests;
			packageProductDependencies = (
			);
			productName = CelluloidTests;
			productReference = F5FB20BB2EEB46DB00DC1D6E /* CelluloidTests.xctest */;
			productType = "com.apple.product-type.bundle.unit-test";
		};
		F5FB20C42EEB46DB00DC1D6E /* CelluloidUITests */ = {
			isa = PBXNativeTarget;
			buildConfigurationList = F5FB20D52EEB46DB00DC1D6E /* Build configuration list for PBXNativeTarget "CelluloidUITests" */;
			buildPhases = (
				F5FB20C12EEB46DB00DC1D6E /* Sources */,
				F5FB20C22EEB46DB00DC1D6E /* Frameworks */,
				F5FB20C32EEB46DB00DC1D6E /* Resources */,
			);
			buildRules = (
			);
			dependencies = (
				F5FB20C72EEB46DB00DC1D6E /* PBXTargetDependency */,
			);
			fileSystemSynchronizedGroups = (
				F5FB20C82EEB46DB00DC1D6E /* CelluloidUITests */,
			);
			name = CelluloidUITests;
			packageProductDependencies = (
			);
			productName = CelluloidUITests;
			productReference = F5FB20C52EEB46DB00DC1D6E /* CelluloidUITests.xctest */;
			productType = "com.apple.product-type.bundle.ui-testing";
		};
		F5FB21242EEB4D9000DC1D6E /* CelluloidCameraExtension */ = {
			isa = PBXNativeTarget;
			buildConfigurationList = F5FB21342EEB4D9000DC1D6E /* Build configuration list for PBXNativeTarget "CelluloidCameraExtension" */;
			buildPhases = (
				F5FB21212EEB4D9000DC1D6E /* Sources */,
				F5FB21222EEB4D9000DC1D6E /* Frameworks */,
				F5FB21232EEB4D9000DC1D6E /* Resources */,
			);
			buildRules = (
			);
			dependencies = (
			);
			fileSystemSynchronizedGroups = (
				F5FB21262EEB4D9000DC1D6E /* CelluloidCameraExtension */,
			);
			name = CelluloidCameraExtension;
			packageProductDependencies = (
			);
			productName = CelluloidCameraExtension;
			productReference = F5FB21252EEB4D9000DC1D6E /* jakespurlock.Celluloid.CelluloidCameraExtension.systemextension */;
			productType = "com.apple.product-type.system-extension";
		};
/* End PBXNativeTarget section */

/* Begin PBXProject section */
		F5FB20A42EEB46D800DC1D6E /* Project object */ = {
			isa = PBXProject;
			attributes = {
				BuildIndependentTargetsInParallel = 1;
				LastSwiftUpdateCheck = 2610;
				LastUpgradeCheck = 2610;
				TargetAttributes = {
					F5FB20AB2EEB46D800DC1D6E = {
						CreatedOnToolsVersion = 26.1.1;
					};
					F5FB20BA2EEB46DB00DC1D6E = {
						CreatedOnToolsVersion = 26.1.1;
						TestTargetID = F5FB20AB2EEB46D800DC1D6E;
					};
					F5FB20C42EEB46DB00DC1D6E = {
						CreatedOnToolsVersion = 26.1.1;
						TestTargetID = F5FB20AB2EEB46D800DC1D6E;
					};
					F5FB21242EEB4D9000DC1D6E = {
						CreatedOnToolsVersion = 26.1.1;
					};
				};
			};
			buildConfigurationList = F5FB20A72EEB46D800DC1D6E /* Build configuration list for PBXProject "Celluloid" */;
			developmentRegion = en;
			hasScannedForEncodings = 0;
			knownRegions = (
				en,
				Base,
			);
			mainGroup = F5FB20A32EEB46D800DC1D6E;
			minimizedProjectReferenceProxies = 1;
			preferredProjectObjectVersion = 77;
			productRefGroup = F5FB20AD2EEB46D800DC1D6E /* Products */;
			projectDirPath = "";
			projectRoot = "";
			targets = (
				F5FB20AB2EEB46D800DC1D6E /* Celluloid */,
				F5FB20BA2EEB46DB00DC1D6E /* CelluloidTests */,
				F5FB20C42EEB46DB00DC1D6E /* CelluloidUITests */,
				F5FB21242EEB4D9000DC1D6E /* CelluloidCameraExtension */,
			);
		};
/* End PBXProject section */

/* Begin PBXResourcesBuildPhase section */
		F5FB20AA2EEB46D800DC1D6E /* Resources */ = {
			isa = PBXResourcesBuildPhase;
			buildActionMask = 2147483647;
			files = (
			);
			runOnlyForDeploymentPostprocessing = 0;
		};
		F5FB20B92EEB46DB00DC1D6E /* Resources */ = {
			isa = PBXResourcesBuildPhase;
			buildActionMask = 2147483647;
			files = (
			);
			runOnlyForDeploymentPostprocessing = 0;
		};
		F5FB20C32EEB46DB00DC1D6E /* Resources */ = {
			isa = PBXResourcesBuildPhase;
			buildActionMask = 2147483647;
			files = (
			);
			runOnlyForDeploymentPostprocessing = 0;
		};
		F5FB21232EEB4D9000DC1D6E /* Resources */ = {
			isa = PBXResourcesBuildPhase;
			buildActionMask = 2147483647;
			files = (
			);
			runOnlyForDeploymentPostprocessing = 0;
		};
/* End PBXResourcesBuildPhase section */

/* Begin PBXSourcesBuildPhase section */
		F5FB20A82EEB46D800DC1D6E /* Sources */ = {
			isa = PBXSourcesBuildPhase;
			buildActionMask = 2147483647;
			files = (
			);
			runOnlyForDeploymentPostprocessing = 0;
		};
		F5FB20B72EEB46DB00DC1D6E /* Sources */ = {
			isa = PBXSourcesBuildPhase;
			buildActionMask = 2147483647;
			files = (
			);
			runOnlyForDeploymentPostprocessing = 0;
		};
		F5FB20C12EEB46DB00DC1D6E /* Sources */ = {
			isa = PBXSourcesBuildPhase;
			buildActionMask = 2147483647;
			files = (
			);
			runOnlyForDeploymentPostprocessing = 0;
		};
		F5FB21212EEB4D9000DC1D6E /* Sources */ = {
			isa = PBXSourcesBuildPhase;
			buildActionMask = 2147483647;
			files = (
			);
			runOnlyForDeploymentPostprocessing = 0;
		};
/* End PBXSourcesBuildPhase section */

/* Begin PBXTargetDependency section */
		F5FB20BD2EEB46DB00DC1D6E /* PBXTargetDependency */ = {
			isa = PBXTargetDependency;
			target = F5FB20AB2EEB46D800DC1D6E /* Celluloid */;
			targetProxy = F5FB20BC2EEB46DB00DC1D6E /* PBXContainerItemProxy */;
		};
		F5FB20C72EEB46DB00DC1D6E /* PBXTargetDependency */ = {
			isa = PBXTargetDependency;
			target = F5FB20AB2EEB46D800DC1D6E /* Celluloid */;
			targetProxy = F5FB20C62EEB46DB00DC1D6E /* PBXContainerItemProxy */;
		};
		F5FB212E2EEB4D9000DC1D6E /* PBXTargetDependency */ = {
			isa = PBXTargetDependency;
			target = F5FB21242EEB4D9000DC1D6E /* CelluloidCameraExtension */;
			targetProxy = F5FB212D2EEB4D9000DC1D6E /* PBXContainerItemProxy */;
		};
/* End PBXTargetDependency section */

/* Begin XCBuildConfiguration section */
		F5FB20CD2EEB46DB00DC1D6E /* Debug */ = {
			isa = XCBuildConfiguration;
			buildSettings = {
				ALWAYS_SEARCH_USER_PATHS = NO;
				ASSETCATALOG_COMPILER_GENERATE_SWIFT_ASSET_SYMBOL_EXTENSIONS = YES;
				CLANG_ANALYZER_NONNULL = YES;
				CLANG_ANALYZER_NUMBER_OBJECT_CONVERSION = YES_AGGRESSIVE;
				CLANG_CXX_LANGUAGE_STANDARD = "gnu++20";
				CLANG_ENABLE_MODULES = YES;
				CLANG_ENABLE_OBJC_ARC = YES;
				CLANG_ENABLE_OBJC_WEAK = YES;
				CLANG_WARN_BLOCK_CAPTURE_AUTORELEASING = YES;
				CLANG_WARN_BOOL_CONVERSION = YES;
				CLANG_WARN_COMMA = YES;
				CLANG_WARN_CONSTANT_CONVERSION = YES;
				CLANG_WARN_DEPRECATED_OBJC_IMPLEMENTATIONS = YES;
				CLANG_WARN_DIRECT_OBJC_ISA_USAGE = YES_ERROR;
				CLANG_WARN_DOCUMENTATION_COMMENTS = YES;
				CLANG_WARN_EMPTY_BODY = YES;
				CLANG_WARN_ENUM_CONVERSION = YES;
				CLANG_WARN_INFINITE_RECURSION = YES;
				CLANG_WARN_INT_CONVERSION = YES;
				CLANG_WARN_NON_LITERAL_NULL_CONVERSION = YES;
				CLANG_WARN_OBJC_IMPLICIT_RETAIN_SELF = YES;
				CLANG_WARN_OBJC_LITERAL_CONVERSION = YES;
				CLANG_WARN_OBJC_ROOT_CLASS = YES_ERROR;
				CLANG_WARN_QUOTED_INCLUDE_IN_FRAMEWORK_HEADER = YES;
				CLANG_WARN_RANGE_LOOP_ANALYSIS = YES;
				CLANG_WARN_STRICT_PROTOTYPES = YES;
				CLANG_WARN_SUSPICIOUS_MOVE = YES;
				CLANG_WARN_UNGUARDED_AVAILABILITY = YES_AGGRESSIVE;
				CLANG_WARN_UNREACHABLE_CODE = YES;
				CLANG_WARN__DUPLICATE_METHOD_MATCH = YES;
				COPY_PHASE_STRIP = NO;
				DEBUG_INFORMATION_FORMAT = dwarf;
				DEVELOPMENT_TEAM = 36ERVRQ23S;
				ENABLE_STRICT_OBJC_MSGSEND = YES;
				ENABLE_TESTABILITY = YES;
				ENABLE_USER_SCRIPT_SANDBOXING = YES;
				GCC_C_LANGUAGE_STANDARD = gnu17;
				GCC_DYNAMIC_NO_PIC = NO;
				GCC_NO_COMMON_BLOCKS = YES;
				GCC_OPTIMIZATION_LEVEL = 0;
				GCC_PREPROCESSOR_DEFINITIONS = (
					"DEBUG=1",
					"$(inherited)",
				);
				GCC_WARN_64_TO_32_BIT_CONVERSION = YES;
				GCC_WARN_ABOUT_RETURN_TYPE = YES_ERROR;
				GCC_WARN_UNDECLARED_SELECTOR = YES;
				GCC_WARN_UNINITIALIZED_AUTOS = YES_AGGRESSIVE;
				GCC_WARN_UNUSED_FUNCTION = YES;
				GCC_WARN_UNUSED_VARIABLE = YES;
				LOCALIZATION_PREFERS_STRING_CATALOGS = YES;
				MACOSX_DEPLOYMENT_TARGET = 26.1;
				MTL_ENABLE_DEBUG_INFO = INCLUDE_SOURCE;
				MTL_FAST_MATH = YES;
				ONLY_ACTIVE_ARCH = YES;
				SDKROOT = macosx;
				SWIFT_ACTIVE_COMPILATION_CONDITIONS = "DEBUG $(inherited)";
				SWIFT_OPTIMIZATION_LEVEL = "-Onone";
			};
			name = Debug;
		};
		F5FB20CE2EEB46DB00DC1D6E /* Release */ = {
			isa = XCBuildConfiguration;
			buildSettings = {
				ALWAYS_SEARCH_USER_PATHS = NO;
				ASSETCATALOG_COMPILER_GENERATE_SWIFT_ASSET_SYMBOL_EXTENSIONS = YES;
				CLANG_ANALYZER_NONNULL = YES;
				CLANG_ANALYZER_NUMBER_OBJECT_CONVERSION = YES_AGGRESSIVE;
				CLANG_CXX_LANGUAGE_STANDARD = "gnu++20";
				CLANG_ENABLE_MODULES = YES;
				CLANG_ENABLE_OBJC_ARC = YES;
				CLANG_ENABLE_OBJC_WEAK = YES;
				CLANG_WARN_BLOCK_CAPTURE_AUTORELEASING = YES;
				CLANG_WARN_BOOL_CONVERSION = YES;
				CLANG_WARN_COMMA = YES;
				CLANG_WARN_CONSTANT_CONVERSION = YES;
				CLANG_WARN_DEPRECATED_OBJC_IMPLEMENTATIONS = YES;
				CLANG_WARN_DIRECT_OBJC_ISA_USAGE = YES_ERROR;
				CLANG_WARN_DOCUMENTATION_COMMENTS = YES;
				CLANG_WARN_EMPTY_BODY = YES;
				CLANG_WARN_ENUM_CONVERSION = YES;
				CLANG_WARN_INFINITE_RECURSION = YES;
				CLANG_WARN_INT_CONVERSION = YES;
				CLANG_WARN_NON_LITERAL_NULL_CONVERSION = YES;
				CLANG_WARN_OBJC_IMPLICIT_RETAIN_SELF = YES;
				CLANG_WARN_OBJC_LITERAL_CONVERSION = YES;
				CLANG_WARN_OBJC_ROOT_CLASS = YES_ERROR;
				CLANG_WARN_QUOTED_INCLUDE_IN_FRAMEWORK_HEADER = YES;
				CLANG_WARN_RANGE_LOOP_ANALYSIS = YES;
				CLANG_WARN_STRICT_PROTOTYPES = YES;
				CLANG_WARN_SUSPICIOUS_MOVE = YES;
				CLANG_WARN_UNGUARDED_AVAILABILITY = YES_AGGRESSIVE;
				CLANG_WARN_UNREACHABLE_CODE = YES;
				CLANG_WARN__DUPLICATE_METHOD_MATCH = YES;
				COPY_PHASE_STRIP = NO;
				DEBUG_INFORMATION_FORMAT = "dwarf-with-dsym";
				DEVELOPMENT_TEAM = 36ERVRQ23S;
				ENABLE_NS_ASSERTIONS = NO;
				ENABLE_STRICT_OBJC_MSGSEND = YES;
				ENABLE_USER_SCRIPT_SANDBOXING = YES;
				GCC_C_LANGUAGE_STANDARD = gnu17;
				GCC_NO_COMMON_BLOCKS = YES;
				GCC_WARN_64_TO_32_BIT_CONVERSION = YES;
				GCC_WARN_ABOUT_RETURN_TYPE = YES_ERROR;
				GCC_WARN_UNDECLARED_SELECTOR = YES;
				GCC_WARN_UNINITIALIZED_AUTOS = YES_AGGRESSIVE;
				GCC_WARN_UNUSED_FUNCTION = YES;
				GCC_WARN_UNUSED_VARIABLE = YES;
				LOCALIZATION_PREFERS_STRING_CATALOGS = YES;
				MACOSX_DEPLOYMENT_TARGET = 26.1;
				MTL_ENABLE_DEBUG_INFO = NO;
				MTL_FAST_MATH = YES;
				SDKROOT = macosx;
				SWIFT_COMPILATION_MODE = wholemodule;
			};
			name = Release;
		};
		F5FB20D02EEB46DB00DC1D6E /* Debug */ = {
			isa = XCBuildConfiguration;
			buildSettings = {
				ASSETCATALOG_COMPILER_APPICON_NAME = AppIcon;
				ASSETCATALOG_COMPILER_GLOBAL_ACCENT_COLOR_NAME = AccentColor;
				CODE_SIGN_ENTITLEMENTS = Celluloid/Celluloid.entitlements;
				CODE_SIGN_STYLE = Automatic;
				COMBINE_HIDPI_IMAGES = YES;
				CURRENT_PROJECT_VERSION = 1;
				DEVELOPMENT_TEAM = 36ERVRQ23S;
				ENABLE_APP_SANDBOX = NO;
				ENABLE_CAMERA = YES;
				ENABLE_HARDENED_RUNTIME = YES;
				ENABLE_PREVIEWS = YES;
				ENABLE_USER_SELECTED_FILES = readonly;
				GENERATE_INFOPLIST_FILE = YES;
				INFOPLIST_KEY_LSUIElement = YES;
				INFOPLIST_KEY_NSCameraUsageDescription = "Celluloid needs camera access to apply real-time filters and adjustments to your webcam feed.";
				INFOPLIST_KEY_NSHumanReadableCopyright = "";
				LD_RUNPATH_SEARCH_PATHS = (
					"$(inherited)",
					"@executable_path/../Frameworks",
				);
				MARKETING_VERSION = 1.0;
				PRODUCT_BUNDLE_IDENTIFIER = jakespurlock.Celluloid;
				PRODUCT_NAME = "$(TARGET_NAME)";
				REGISTER_APP_GROUPS = YES;
				STRING_CATALOG_GENERATE_SYMBOLS = YES;
				SWIFT_APPROACHABLE_CONCURRENCY = YES;
				SWIFT_DEFAULT_ACTOR_ISOLATION = MainActor;
				SWIFT_EMIT_LOC_STRINGS = YES;
				SWIFT_UPCOMING_FEATURE_MEMBER_IMPORT_VISIBILITY = YES;
				SWIFT_VERSION = 5.0;
			};
			name = Debug;
		};
		F5FB20D12EEB46DB00DC1D6E /* Release */ = {
			isa = XCBuildConfiguration;
			buildSettings = {
				ASSETCATALOG_COMPILER_APPICON_NAME = AppIcon;
				ASSETCATALOG_COMPILER_GLOBAL_ACCENT_COLOR_NAME = AccentColor;
				CODE_SIGN_ENTITLEMENTS = Celluloid/Celluloid.entitlements;
				CODE_SIGN_STYLE = Automatic;
				COMBINE_HIDPI_IMAGES = YES;
				CURRENT_PROJECT_VERSION = 1;
				DEVELOPMENT_TEAM = 36ERVRQ23S;
				ENABLE_APP_SANDBOX = NO;
				ENABLE_CAMERA = YES;
				ENABLE_HARDENED_RUNTIME = YES;
				ENABLE_PREVIEWS = YES;
				ENABLE_USER_SELECTED_FILES = readonly;
				GENERATE_INFOPLIST_FILE = YES;
				INFOPLIST_KEY_LSUIElement = YES;
				INFOPLIST_KEY_NSCameraUsageDescription = "Celluloid needs camera access to apply real-time filters and adjustments to your webcam feed.";
				INFOPLIST_KEY_NSHumanReadableCopyright = "";
				LD_RUNPATH_SEARCH_PATHS = (
					"$(inherited)",
					"@executable_path/../Frameworks",
				);
				MARKETING_VERSION = 1.0;
				PRODUCT_BUNDLE_IDENTIFIER = jakespurlock.Celluloid;
				PRODUCT_NAME = "$(TARGET_NAME)";
				REGISTER_APP_GROUPS = YES;
				STRING_CATALOG_GENERATE_SYMBOLS = YES;
				SWIFT_APPROACHABLE_CONCURRENCY = YES;
				SWIFT_DEFAULT_ACTOR_ISOLATION = MainActor;
				SWIFT_EMIT_LOC_STRINGS = YES;
				SWIFT_UPCOMING_FEATURE_MEMBER_IMPORT_VISIBILITY = YES;
				SWIFT_VERSION = 5.0;
			};
			name = Release;
		};
		F5FB20D32EEB46DB00DC1D6E /* Debug */ = {
			isa = XCBuildConfiguration;
			buildSettings = {
				BUNDLE_LOADER = "$(TEST_HOST)";
				CODE_SIGN_STYLE = Automatic;
				CURRENT_PROJECT_VERSION = 1;
				DEVELOPMENT_TEAM = 36ERVRQ23S;
				GENERATE_INFOPLIST_FILE = YES;
				MACOSX_DEPLOYMENT_TARGET = 26.1;
				MARKETING_VERSION = 1.0;
				PRODUCT_BUNDLE_IDENTIFIER = jakespurlock.CelluloidTests;
				PRODUCT_NAME = "$(TARGET_NAME)";
				STRING_CATALOG_GENERATE_SYMBOLS = NO;
				SWIFT_APPROACHABLE_CONCURRENCY = YES;
				SWIFT_EMIT_LOC_STRINGS = NO;
				SWIFT_UPCOMING_FEATURE_MEMBER_IMPORT_VISIBILITY = YES;
				SWIFT_VERSION = 5.0;
				TEST_HOST = "$(BUILT_PRODUCTS_DIR)/Celluloid.app/$(BUNDLE_EXECUTABLE_FOLDER_PATH)/Celluloid";
			};
			name = Debug;
		};
		F5FB20D42EEB46DB00DC1D6E /* Release */ = {
			isa = XCBuildConfiguration;
			buildSettings = {
				BUNDLE_LOADER = "$(TEST_HOST)";
				CODE_SIGN_STYLE = Automatic;
				CURRENT_PROJECT_VERSION = 1;
				DEVELOPMENT_TEAM = 36ERVRQ23S;
				GENERATE_INFOPLIST_FILE = YES;
				MACOSX_DEPLOYMENT_TARGET = 26.1;
				MARKETING_VERSION = 1.0;
				PRODUCT_BUNDLE_IDENTIFIER = jakespurlock.CelluloidTests;
				PRODUCT_NAME = "$(TARGET_NAME)";
				STRING_CATALOG_GENERATE_SYMBOLS = NO;
				SWIFT_APPROACHABLE_CONCURRENCY = YES;
				SWIFT_EMIT_LOC_STRINGS = NO;
				SWIFT_UPCOMING_FEATURE_MEMBER_IMPORT_VISIBILITY = YES;
				SWIFT_VERSION = 5.0;
				TEST_HOST = "$(BUILT_PRODUCTS_DIR)/Celluloid.app/$(BUNDLE_EXECUTABLE_FOLDER_PATH)/Celluloid";
			};
			name = Release;
		};
		F5FB20D62EEB46DB00DC1D6E /* Debug */ = {
			isa = XCBuildConfiguration;
			buildSettings = {
				CODE_SIGN_STYLE = Automatic;
				CURRENT_PROJECT_VERSION = 1;
				DEVELOPMENT_TEAM = 36ERVRQ23S;
				GENERATE_INFOPLIST_FILE = YES;
				MARKETING_VERSION = 1.0;
				PRODUCT_BUNDLE_IDENTIFIER = jakespurlock.CelluloidUITests;
				PRODUCT_NAME = "$(TARGET_NAME)";
				STRING_CATALOG_GENERATE_SYMBOLS = NO;
				SWIFT_APPROACHABLE_CONCURRENCY = YES;
				SWIFT_EMIT_LOC_STRINGS = NO;
				SWIFT_UPCOMING_FEATURE_MEMBER_IMPORT_VISIBILITY = YES;
				SWIFT_VERSION = 5.0;
				TEST_TARGET_NAME = Celluloid;
			};
			name = Debug;
		};
		F5FB20D72EEB46DB00DC1D6E /* Release */ = {
			isa = XCBuildConfiguration;
			buildSettings = {
				CODE_SIGN_STYLE = Automatic;
				CURRENT_PROJECT_VERSION = 1;
				DEVELOPMENT_TEAM = 36ERVRQ23S;
				GENERATE_INFOPLIST_FILE = YES;
				MARKETING_VERSION = 1.0;
				PRODUCT_BUNDLE_IDENTIFIER = jakespurlock.CelluloidUITests;
				PRODUCT_NAME = "$(TARGET_NAME)";
				STRING_CATALOG_GENERATE_SYMBOLS = NO;
				SWIFT_APPROACHABLE_CONCURRENCY = YES;
				SWIFT_EMIT_LOC_STRINGS = NO;
				SWIFT_UPCOMING_FEATURE_MEMBER_IMPORT_VISIBILITY = YES;
				SWIFT_VERSION = 5.0;
				TEST_TARGET_NAME = Celluloid;
			};
			name = Release;
		};
		F5FB21312EEB4D9000DC1D6E /* Debug */ = {
			isa = XCBuildConfiguration;
			buildSettings = {
				CODE_SIGN_ENTITLEMENTS = CelluloidCameraExtension/CelluloidCameraExtension.entitlements;
				CODE_SIGN_INJECT_BASE_ENTITLEMENTS = NO;
				CODE_SIGN_STYLE = Automatic;
				CURRENT_PROJECT_VERSION = 19;
				DEVELOPMENT_TEAM = 36ERVRQ23S;
				ENABLE_APP_SANDBOX = YES;
				ENABLE_HARDENED_RUNTIME = YES;
				GENERATE_INFOPLIST_FILE = YES;
				INFOPLIST_FILE = CelluloidCameraExtension/Info.plist;
				INFOPLIST_KEY_CFBundleDisplayName = CelluloidCameraExtension;
				INFOPLIST_KEY_NSHumanReadableCopyright = "";
				LD_RUNPATH_SEARCH_PATHS = (
					"$(inherited)",
					"@executable_path/../Frameworks",
					"@executable_path/../../../../Frameworks",
				);
				MARKETING_VERSION = 1.0;
				PRODUCT_BUNDLE_IDENTIFIER = jakespurlock.Celluloid.CelluloidCameraExtension;
				PRODUCT_NAME = "$(inherited)";
				REGISTER_APP_GROUPS = YES;
				SKIP_INSTALL = YES;
				STRING_CATALOG_GENERATE_SYMBOLS = YES;
				SWIFT_APPROACHABLE_CONCURRENCY = YES;
				SWIFT_EMIT_LOC_STRINGS = YES;
				SWIFT_UPCOMING_FEATURE_MEMBER_IMPORT_VISIBILITY = YES;
				SWIFT_VERSION = 5.0;
			};
			name = Debug;
		};
		F5FB21322EEB4D9000DC1D6E /* Release */ = {
			isa = XCBuildConfiguration;
			buildSettings = {
				CODE_SIGN_ENTITLEMENTS = CelluloidCameraExtension/CelluloidCameraExtension.entitlements;
				CODE_SIGN_INJECT_BASE_ENTITLEMENTS = NO;
				CODE_SIGN_STYLE = Automatic;
				CURRENT_PROJECT_VERSION = 19;
				DEVELOPMENT_TEAM = 36ERVRQ23S;
				ENABLE_APP_SANDBOX = YES;
				ENABLE_HARDENED_RUNTIME = YES;
				GENERATE_INFOPLIST_FILE = YES;
				INFOPLIST_FILE = CelluloidCameraExtension/Info.plist;
				INFOPLIST_KEY_CFBundleDisplayName = CelluloidCameraExtension;
				INFOPLIST_KEY_NSHumanReadableCopyright = "";
				LD_RUNPATH_SEARCH_PATHS = (
					"$(inherited)",
					"@executable_path/../Frameworks",
					"@executable_path/../../../../Frameworks",
				);
				MARKETING_VERSION = 1.0;
				PRODUCT_BUNDLE_IDENTIFIER = jakespurlock.Celluloid.CelluloidCameraExtension;
				PRODUCT_NAME = "$(inherited)";
				REGISTER_APP_GROUPS = YES;
				SKIP_INSTALL = YES;
				STRING_CATALOG_GENERATE_SYMBOLS = YES;
				SWIFT_APPROACHABLE_CONCURRENCY = YES;
				SWIFT_EMIT_LOC_STRINGS = YES;
				SWIFT_UPCOMING_FEATURE_MEMBER_IMPORT_VISIBILITY = YES;
				SWIFT_VERSION = 5.0;
			};
			name = Release;
		};
/* End XCBuildConfiguration section */

/* Begin XCConfigurationList section */
		F5FB20A72EEB46D800DC1D6E /* Build configuration list for PBXProject "Celluloid" */ = {
			isa = XCConfigurationList;
			buildConfigurations = (
				F5FB20CD2EEB46DB00DC1D6E /* Debug */,
				F5FB20CE2EEB46DB00DC1D6E /* Release */,
			);
			defaultConfigurationIsVisible = 0;
			defaultConfigurationName = Release;
		};
		F5FB20CF2EEB46DB00DC1D6E /* Build configuration list for PBXNativeTarget "Celluloid" */ = {
			isa = XCConfigurationList;
			buildConfigurations = (
				F5FB20D02EEB46DB00DC1D6E /* Debug */,
				F5FB20D12EEB46DB00DC1D6E /* Release */,
			);
			defaultConfigurationIsVisible = 0;
			defaultConfigurationName = Release;
		};
		F5FB20D22EEB46DB00DC1D6E /* Build configuration list for PBXNativeTarget "CelluloidTests" */ = {
			isa = XCConfigurationList;
			buildConfigurations = (
				F5FB20D32EEB46DB00DC1D6E /* Debug */,
				F5FB20D42EEB46DB00DC1D6E /* Release */,
			);
			defaultConfigurationIsVisible = 0;
			defaultConfigurationName = Release;
		};
		F5FB20D52EEB46DB00DC1D6E /* Build configuration list for PBXNativeTarget "CelluloidUITests" */ = {
			isa = XCConfigurationList;
			buildConfigurations = (
				F5FB20D62EEB46DB00DC1D6E /* Debug */,
				F5FB20D72EEB46DB00DC1D6E /* Release */,
			);
			defaultConfigurationIsVisible = 0;
			defaultConfigurationName = Release;
		};
		F5FB21342EEB4D9000DC1D6E /* Build configuration list for PBXNativeTarget "CelluloidCameraExtension" */ = {
			isa = XCConfigurationList;
			buildConfigurations = (
				F5FB21312EEB4D9000DC1D6E /* Debug */,
				F5FB21322EEB4D9000DC1D6E /* Release */,
			);
			defaultConfigurationIsVisible = 0;
			defaultConfigurationName = Release;
		};
/* End XCConfigurationList section */
	};
	rootObject = F5FB20A42EEB46D800DC1D6E /* Project object */;
}
